
Microsoft Visual Studio Solution File, Format Version 12.00
# Visual Studio 15
VisualStudioVersion = 15.0.28307.489
MinimumVisualStudioVersion = 10.0.40219.1
Project("{FAE04EC0-301F-11D3-BF4B-00C04F79EFBC}") = "SystemTrading", "SystemTrading\SystemTrading.csproj", "{80547226-D730-41D9-A4E8-EBA6C3C5C802}"
EndProject
Global
	GlobalSection(SolutionConfigurationPlatforms) = preSolution
		Debug|Any CPU = Debug|Any CPU
		Release|Any CPU = Release|Any CPU
	EndGlobalSection
	GlobalSection(ProjectConfigurationPlatforms) = postSolution
		{80547226-D730-41D9-A4E8-EBA6C3C5C802}.Debug|Any CPU.ActiveCfg = Debug|Any CPU
		{80547226-D730-41D9-A4E8-EBA6C3C5C802}.Debug|Any CPU.Build.0 = Debug|Any CPU
		{80547226-D730-41D9-A4E8-EBA6C3C5C802}.Release|Any CPU.ActiveCfg = Release|Any CPU
		{80547226-D730-41D9-A4E8-EBA6C3C5C802}.Release|Any CPU.Build.0 = Release|Any CPU
	EndGlobalSection
	GlobalSection(SolutionProperties) = preSolution
		HideSolutionNode = FALSE
	EndGlobalSection
	GlobalSection(ExtensibilityGlobals) = postSolution
		SolutionGuid = {1DFD8C52-0841-4751-A1A2-2926EF2B9498}
	EndGlobalSection
EndGlobal
